{
  "name": "sdp-ingest",
  "version": "0.1.0",
  "lockfileVersion": 3,
  "requires": true,
  "packages": {
    "": {
      "name": "sdp-ingest",
      "version": "0.1.0",
      "license": "ISC",
      "dependencies": {
        "youtube-fast-api": "^2.0.2"
      },
      "bin": {
        "sdp-ingest": "src/index.js"
      }
    },
    "node_modules/youtube-fast-api": {
      "version": "2.0.2",
      "resolved": "https://registry.npmjs.org/youtube-fast-api/-/youtube-fast-api-2.0.2.tgz",
      "integrity": "sha512-lNbzatydavBn0rBvYuivfAlR+I0uz1MAwggRB0I9al4Lb6SQS8iUYJFDNB8zzUENg/3gz48CFVwC+LO4eRoh2w==",
      "license": "MIT"
    }
  }
}
